
Microsoft Visual Studio Solution File, Format Version 12.00
# Visual Studio Version 16
VisualStudioVersion = 25.0.1706.9
MinimumVisualStudioVersion = 10.0.40219.1
Project("{2150E333-8FDC-42A3-9474-1A3956D46DE8}") = "src", "src", "{2CA97F07-D72D-4504-97CD-6CE91BF21043}"
EndProject
Project("{2150E333-8FDC-42A3-9474-1A3956D46DE8}") = "tests", "tests", "{28FA7E92-B6B2-42AA-B866-F1CE56387C8A}"
EndProject
Project("{FAE04EC0-301F-11D3-BF4B-00C04F79EFBC}") = "MagellanGPT.Application", "src\MagellanGPT.Application\MagellanGPT.Application.csproj", "{19B9F562-6DF0-460E-92C7-8B5CC4DD9197}"
EndProject
Project("{FAE04EC0-301F-11D3-BF4B-00C04F79EFBC}") = "MagellanGPT.Infrastructure", "src\MagellanGPT.Infrastructure\MagellanGPT.Infrastructure.csproj", "{18BFA524-C9DF-4E0C-BE9A-02B1DB0E90E9}"
EndProject
Project("{FAE04EC0-301F-11D3-BF4B-00C04F79EFBC}") = "MagellanGPT.Domain", "src\MagellanGPT.Domain\MagellanGPT.Domain.csproj", "{271FBCCE-765F-4EA3-BF44-130A5FDF072C}"
EndProject
Project("{FAE04EC0-301F-11D3-BF4B-00C04F79EFBC}") = "MagellanGPT.API", "src\MagellanGPT.API\MagellanGPT.API.csproj", "{8D1C9E15-1A59-4855-816D-9E69547BA1E5}"
EndProject
Project("{FAE04EC0-301F-11D3-BF4B-00C04F79EFBC}") = "MagellanGPT.UnitTests", "tests\MagellanGPT.UnitTests\MagellanGPT.UnitTests.csproj", "{3BB08424-BCB7-49F7-A425-FF0CCC658A94}"
EndProject
Project("{2150E333-8FDC-42A3-9474-1A3956D46DE8}") = "Solution Items", "Solution Items", "{13CBB239-053B-4F4C-B7D6-EFE017F2630A}"
	ProjectSection(SolutionItems) = preProject
		SonarLint.xml = SonarLint.xml
		README.md = README.md
	EndProjectSection
EndProject
Global
	GlobalSection(SolutionConfigurationPlatforms) = preSolution
		Debug|Any CPU = Debug|Any CPU
		Release|Any CPU = Release|Any CPU
	EndGlobalSection
	GlobalSection(ProjectConfigurationPlatforms) = postSolution
		{19B9F562-6DF0-460E-92C7-8B5CC4DD9197}.Debug|Any CPU.ActiveCfg = Debug|Any CPU
		{19B9F562-6DF0-460E-92C7-8B5CC4DD9197}.Debug|Any CPU.Build.0 = Debug|Any CPU
		{19B9F562-6DF0-460E-92C7-8B5CC4DD9197}.Release|Any CPU.ActiveCfg = Release|Any CPU
		{19B9F562-6DF0-460E-92C7-8B5CC4DD9197}.Release|Any CPU.Build.0 = Release|Any CPU
		{18BFA524-C9DF-4E0C-BE9A-02B1DB0E90E9}.Debug|Any CPU.ActiveCfg = Debug|Any CPU
		{18BFA524-C9DF-4E0C-BE9A-02B1DB0E90E9}.Debug|Any CPU.Build.0 = Debug|Any CPU
		{18BFA524-C9DF-4E0C-BE9A-02B1DB0E90E9}.Release|Any CPU.ActiveCfg = Release|Any CPU
		{18BFA524-C9DF-4E0C-BE9A-02B1DB0E90E9}.Release|Any CPU.Build.0 = Release|Any CPU
		{271FBCCE-765F-4EA3-BF44-130A5FDF072C}.Debug|Any CPU.ActiveCfg = Debug|Any CPU
		{271FBCCE-765F-4EA3-BF44-130A5FDF072C}.Debug|Any CPU.Build.0 = Debug|Any CPU
		{271FBCCE-765F-4EA3-BF44-130A5FDF072C}.Release|Any CPU.ActiveCfg = Release|Any CPU
		{271FBCCE-765F-4EA3-BF44-130A5FDF072C}.Release|Any CPU.Build.0 = Release|Any CPU
		{8D1C9E15-1A59-4855-816D-9E69547BA1E5}.Debug|Any CPU.ActiveCfg = Debug|Any CPU
		{8D1C9E15-1A59-4855-816D-9E69547BA1E5}.Debug|Any CPU.Build.0 = Debug|Any CPU
		{8D1C9E15-1A59-4855-816D-9E69547BA1E5}.Release|Any CPU.ActiveCfg = Release|Any CPU
		{8D1C9E15-1A59-4855-816D-9E69547BA1E5}.Release|Any CPU.Build.0 = Release|Any CPU
		{3BB08424-BCB7-49F7-A425-FF0CCC658A94}.Debug|Any CPU.ActiveCfg = Debug|Any CPU
		{3BB08424-BCB7-49F7-A425-FF0CCC658A94}.Debug|Any CPU.Build.0 = Debug|Any CPU
		{3BB08424-BCB7-49F7-A425-FF0CCC658A94}.Release|Any CPU.ActiveCfg = Release|Any CPU
		{3BB08424-BCB7-49F7-A425-FF0CCC658A94}.Release|Any CPU.Build.0 = Release|Any CPU
	EndGlobalSection
	GlobalSection(SolutionProperties) = preSolution
		HideSolutionNode = FALSE
	EndGlobalSection
	GlobalSection(ExtensibilityGlobals) = postSolution
		SolutionGuid = {C0E173E8-B952-4D53-9895-C32DC4606EE1}
	EndGlobalSection
	GlobalSection(NestedProjects) = preSolution
		{19B9F562-6DF0-460E-92C7-8B5CC4DD9197} = {2CA97F07-D72D-4504-97CD-6CE91BF21043}
		{18BFA524-C9DF-4E0C-BE9A-02B1DB0E90E9} = {2CA97F07-D72D-4504-97CD-6CE91BF21043}
		{271FBCCE-765F-4EA3-BF44-130A5FDF072C} = {2CA97F07-D72D-4504-97CD-6CE91BF21043}
		{8D1C9E15-1A59-4855-816D-9E69547BA1E5} = {2CA97F07-D72D-4504-97CD-6CE91BF21043}
		{3BB08424-BCB7-49F7-A425-FF0CCC658A94} = {28FA7E92-B6B2-42AA-B866-F1CE56387C8A}
	EndGlobalSection
EndGlobal
